
Microsoft Visual Studio Solution File, Format Version 12.00
# Visual Studio Version 17
VisualStudioVersion = 17.9.34622.214
MinimumVisualStudioVersion = 10.0.40219.1
Project("{9A19103F-16F7-4668-BE54-9A1E7A4F7556}") = "CarrotLink.Client", "CarrotLink.Client\CarrotLink.Client.csproj", "{3FC34817-F39B-4D5E-A795-F3E907630093}"
EndProject
Project("{9A19103F-16F7-4668-BE54-9A1E7A4F7556}") = "CarrotLink.Core", "CarrotLink.Core\CarrotLink.Core.csproj", "{B04934F8-0EB0-4EE7-8445-1B19363F8C8E}"
EndProject
Project("{9A19103F-16F7-4668-BE54-9A1E7A4F7556}") = "CarrotLink.Native", "CarrotLink.Native\CarrotLink.Native.csproj", "{DFB4BC5E-26A8-48C7-A22C-167CC4E64D07}"
EndProject
Project("{FAE04EC0-301F-11D3-BF4B-00C04F79EFBC}") = "CarrotLink.Server", "CarrotLink.Server\CarrotLink.Server.csproj", "{1167737A-FE05-4532-A4DD-51273F4A566D}"
EndProject
Project("{FAE04EC0-301F-11D3-BF4B-00C04F79EFBC}") = "CarrotLink.Logging.NLogLogger", "CarrotLink.Logging.NLogLogger\CarrotLink.Logging.NLogLogger.csproj", "{45BEA7F5-5A88-C2A8-5FDD-7F0AB852BFDF}"
EndProject
Project("{D954291E-2A0B-460D-934E-DC6B0785DB48}") = "CarrotLink.Shared", "CarrotLink.Shared\CarrotLink.Shared.shproj", "{D3BBAE54-32BB-41DE-9471-3B7714D33507}"
EndProject
Global
	GlobalSection(SolutionConfigurationPlatforms) = preSolution
		Debug|Any CPU = Debug|Any CPU
		Release|Any CPU = Release|Any CPU
	EndGlobalSection
	GlobalSection(ProjectConfigurationPlatforms) = postSolution
		{3FC34817-F39B-4D5E-A795-F3E907630093}.Debug|Any CPU.ActiveCfg = Debug|Any CPU
		{3FC34817-F39B-4D5E-A795-F3E907630093}.Debug|Any CPU.Build.0 = Debug|Any CPU
		{3FC34817-F39B-4D5E-A795-F3E907630093}.Release|Any CPU.ActiveCfg = Release|Any CPU
		{3FC34817-F39B-4D5E-A795-F3E907630093}.Release|Any CPU.Build.0 = Release|Any CPU
		{B04934F8-0EB0-4EE7-8445-1B19363F8C8E}.Debug|Any CPU.ActiveCfg = Debug|Any CPU
		{B04934F8-0EB0-4EE7-8445-1B19363F8C8E}.Debug|Any CPU.Build.0 = Debug|Any CPU
		{B04934F8-0EB0-4EE7-8445-1B19363F8C8E}.Release|Any CPU.ActiveCfg = Release|Any CPU
		{B04934F8-0EB0-4EE7-8445-1B19363F8C8E}.Release|Any CPU.Build.0 = Release|Any CPU
		{DFB4BC5E-26A8-48C7-A22C-167CC4E64D07}.Debug|Any CPU.ActiveCfg = Debug|Any CPU
		{DFB4BC5E-26A8-48C7-A22C-167CC4E64D07}.Debug|Any CPU.Build.0 = Debug|Any CPU
		{DFB4BC5E-26A8-48C7-A22C-167CC4E64D07}.Release|Any CPU.ActiveCfg = Release|Any CPU
		{DFB4BC5E-26A8-48C7-A22C-167CC4E64D07}.Release|Any CPU.Build.0 = Release|Any CPU
		{1167737A-FE05-4532-A4DD-51273F4A566D}.Debug|Any CPU.ActiveCfg = Debug|Any CPU
		{1167737A-FE05-4532-A4DD-51273F4A566D}.Debug|Any CPU.Build.0 = Debug|Any CPU
		{1167737A-FE05-4532-A4DD-51273F4A566D}.Release|Any CPU.ActiveCfg = Release|Any CPU
		{1167737A-FE05-4532-A4DD-51273F4A566D}.Release|Any CPU.Build.0 = Release|Any CPU
		{45BEA7F5-5A88-C2A8-5FDD-7F0AB852BFDF}.Debug|Any CPU.ActiveCfg = Debug|Any CPU
		{45BEA7F5-5A88-C2A8-5FDD-7F0AB852BFDF}.Debug|Any CPU.Build.0 = Debug|Any CPU
		{45BEA7F5-5A88-C2A8-5FDD-7F0AB852BFDF}.Release|Any CPU.ActiveCfg = Release|Any CPU
		{45BEA7F5-5A88-C2A8-5FDD-7F0AB852BFDF}.Release|Any CPU.Build.0 = Release|Any CPU
	EndGlobalSection
	GlobalSection(SolutionProperties) = preSolution
		HideSolutionNode = FALSE
	EndGlobalSection
	GlobalSection(ExtensibilityGlobals) = postSolution
		SolutionGuid = {65021CDB-6E96-4E9B-B319-D7931FDC1BFB}
	EndGlobalSection
	GlobalSection(SharedMSBuildProjectFiles) = preSolution
		CarrotLink.Shared\CarrotLink.Shared.projitems*{d3bbae54-32bb-41de-9471-3b7714d33507}*SharedItemsImports = 13
	EndGlobalSection
EndGlobal
