
Microsoft Visual Studio Solution File, Format Version 12.00
# Visual Studio Version 17
VisualStudioVersion = 17.9.34622.214
MinimumVisualStudioVersion = 10.0.40219.1
Project("{FAE04EC0-301F-11D3-BF4B-00C04F79EFBC}") = "CarrotLink.Core", "CarrotLink.Core.csproj", "{1833D49F-D139-4BC0-971A-E7C66A6D65EC}"
EndProject
Project("{FAE04EC0-301F-11D3-BF4B-00C04F79EFBC}") = "CarrotLink.Native", "..\CarrotLink.Native\CarrotLink.Native.csproj", "{1510B9B5-8FC0-40A1-AFDE-A52DC39BD34D}"
EndProject
Project("{FAE04EC0-301F-11D3-BF4B-00C04F79EFBC}") = "CarrotLink.Client", "..\CarrotLink.Client\CarrotLink.Client.csproj", "{8156CF9C-88FB-47AE-AF8C-94F24C65789D}"
EndProject
Global
	GlobalSection(SolutionConfigurationPlatforms) = preSolution
		Debug|Any CPU = Debug|Any CPU
		Release|Any CPU = Release|Any CPU
	EndGlobalSection
	GlobalSection(ProjectConfigurationPlatforms) = postSolution
		{1833D49F-D139-4BC0-971A-E7C66A6D65EC}.Debug|Any CPU.ActiveCfg = Debug|Any CPU
		{1833D49F-D139-4BC0-971A-E7C66A6D65EC}.Debug|Any CPU.Build.0 = Debug|Any CPU
		{1833D49F-D139-4BC0-971A-E7C66A6D65EC}.Release|Any CPU.ActiveCfg = Release|Any CPU
		{1833D49F-D139-4BC0-971A-E7C66A6D65EC}.Release|Any CPU.Build.0 = Release|Any CPU
		{1510B9B5-8FC0-40A1-AFDE-A52DC39BD34D}.Debug|Any CPU.ActiveCfg = Debug|Any CPU
		{1510B9B5-8FC0-40A1-AFDE-A52DC39BD34D}.Debug|Any CPU.Build.0 = Debug|Any CPU
		{1510B9B5-8FC0-40A1-AFDE-A52DC39BD34D}.Release|Any CPU.ActiveCfg = Release|Any CPU
		{1510B9B5-8FC0-40A1-AFDE-A52DC39BD34D}.Release|Any CPU.Build.0 = Release|Any CPU
		{8156CF9C-88FB-47AE-AF8C-94F24C65789D}.Debug|Any CPU.ActiveCfg = Debug|Any CPU
		{8156CF9C-88FB-47AE-AF8C-94F24C65789D}.Debug|Any CPU.Build.0 = Debug|Any CPU
		{8156CF9C-88FB-47AE-AF8C-94F24C65789D}.Release|Any CPU.ActiveCfg = Release|Any CPU
		{8156CF9C-88FB-47AE-AF8C-94F24C65789D}.Release|Any CPU.Build.0 = Release|Any CPU
	EndGlobalSection
	GlobalSection(SolutionProperties) = preSolution
		HideSolutionNode = FALSE
	EndGlobalSection
	GlobalSection(ExtensibilityGlobals) = postSolution
		SolutionGuid = {65021CDB-6E96-4E9B-B319-D7931FDC1BFB}
	EndGlobalSection
EndGlobal
